
Microsoft Visual Studio Solution File, Format Version 12.00
# Visual Studio Version 16
VisualStudioVersion = 16.0.30717.126
MinimumVisualStudioVersion = 10.0.40219.1
Project("{9A19103F-16F7-4668-BE54-9A1E7A4F7556}") = "LifeTheUniverseAndEverything", "LifeTheUniverseAndEverything.csproj", "{986E6BAA-1A8A-4F4D-A6FB-34202D081BD9}"
EndProject
Project("{9A19103F-16F7-4668-BE54-9A1E7A4F7556}") = "Helpers", "..\Helpers\Helpers.csproj", "{CAC9428B-7DF7-42B3-BD48-C6135122878A}"
EndProject
Project("{9A19103F-16F7-4668-BE54-9A1E7A4F7556}") = "SortingBankAccounts", "..\SortingBankAccounts\SortingBankAccounts.csproj", "{3EC494B3-CB74-447C-875B-CADFD14B8745}"
EndProject
Project("{9A19103F-16F7-4668-BE54-9A1E7A4F7556}") = "SabbirAndGame", "..\SabbirAndGame\SabbirAndGame.csproj", "{0BEEC936-D891-4E45-9902-7E6F1C83B9CA}"
EndProject
Project("{9A19103F-16F7-4668-BE54-9A1E7A4F7556}") = "PTest", "..\PTest\PTest.csproj", "{CC0759BA-E413-469E-BDAF-32DF29DC26D2}"
EndProject
Project("{9A19103F-16F7-4668-BE54-9A1E7A4F7556}") = "AddingIntigers", "..\AddingIntigers\AddingIntigers.csproj", "{0F439F06-F156-49C0-B9AA-5CE0FAF043B4}"
EndProject
Project("{9A19103F-16F7-4668-BE54-9A1E7A4F7556}") = "Sum", "..\Sum\Sum.csproj", "{4A89F44E-0E32-46A8-9743-E39332855457}"
EndProject
Project("{9A19103F-16F7-4668-BE54-9A1E7A4F7556}") = "MultipleSum", "..\MultipleSum\MultipleSum.csproj", "{B7D632C3-3C6A-4748-A198-FE2260F9FC56}"
EndProject
Project("{9A19103F-16F7-4668-BE54-9A1E7A4F7556}") = "SimpleAdding", "..\SimpleAdding\SimpleAdding.csproj", "{A7A9AFA4-0F30-46D8-A0FA-987AB785685F}"
EndProject
Project("{9A19103F-16F7-4668-BE54-9A1E7A4F7556}") = "NumbersBetween", "..\NumbersBetween\NumbersBetween.csproj", "{7EEB7EB9-A90B-479F-81B8-C0737A8F75DD}"
EndProject
Project("{9A19103F-16F7-4668-BE54-9A1E7A4F7556}") = "NumbersBetweenAndDivisibility", "..\NumbersBetweenAndDivisibility\NumbersBetweenAndDivisibility.csproj", "{D61B855E-D644-4731-8D80-E83B10167DDD}"
EndProject
Project("{9A19103F-16F7-4668-BE54-9A1E7A4F7556}") = "PatternsOne", "..\PatternsOne\PatternsOne.csproj", "{74E97BD5-77CC-4647-AF13-2EA9D080CC74}"
EndProject
Project("{9A19103F-16F7-4668-BE54-9A1E7A4F7556}") = "FunWithSequencesPartOne", "..\FunWithSequencesPartOne\FunWithSequencesPartOne.csproj", "{F9C92543-75FE-4D66-A67C-CCAFC0C00BED}"
EndProject
Project("{2150E333-8FDC-42A3-9474-1A3956D46DE8}") = "FunWithSequences", "FunWithSequences", "{DB159161-C04C-42D4-9DC2-EED16A84F848}"
EndProject
Project("{9A19103F-16F7-4668-BE54-9A1E7A4F7556}") = "FunWithSequencesPartTwo", "..\FunWithSequencesPartTwo\FunWithSequencesPartTwo.csproj", "{CCFEA0B3-219C-4B7E-96EF-4189AB305DDF}"
EndProject
Project("{9A19103F-16F7-4668-BE54-9A1E7A4F7556}") = "FunWithSequencesPartThree", "..\FunWithSequencesPartThree\FunWithSequencesPartThree.csproj", "{CA0D7270-ECAD-4666-8C60-CE160898DE2D}"
EndProject
Project("{FAE04EC0-301F-11D3-BF4B-00C04F79EFBC}") = "FunWithSequencesPartFour", "..\FunWithSequencesPartFour\FunWithSequencesPartFour.csproj", "{5C2B6509-95CE-44A0-94A1-B703FAE88209}"
EndProject
Project("{FAE04EC0-301F-11D3-BF4B-00C04F79EFBC}") = "FunWIthSequencesPartFive", "..\FunWIthSequencesPartFive\FunWIthSequencesPartFive.csproj", "{01DF6624-1ABD-4EE9-82E7-AFED19855DF0}"
EndProject
Global
	GlobalSection(SolutionConfigurationPlatforms) = preSolution
		Debug|Any CPU = Debug|Any CPU
		Release|Any CPU = Release|Any CPU
	EndGlobalSection
	GlobalSection(ProjectConfigurationPlatforms) = postSolution
		{986E6BAA-1A8A-4F4D-A6FB-34202D081BD9}.Debug|Any CPU.ActiveCfg = Debug|Any CPU
		{986E6BAA-1A8A-4F4D-A6FB-34202D081BD9}.Debug|Any CPU.Build.0 = Debug|Any CPU
		{986E6BAA-1A8A-4F4D-A6FB-34202D081BD9}.Release|Any CPU.ActiveCfg = Release|Any CPU
		{986E6BAA-1A8A-4F4D-A6FB-34202D081BD9}.Release|Any CPU.Build.0 = Release|Any CPU
		{CAC9428B-7DF7-42B3-BD48-C6135122878A}.Debug|Any CPU.ActiveCfg = Debug|Any CPU
		{CAC9428B-7DF7-42B3-BD48-C6135122878A}.Debug|Any CPU.Build.0 = Debug|Any CPU
		{CAC9428B-7DF7-42B3-BD48-C6135122878A}.Release|Any CPU.ActiveCfg = Release|Any CPU
		{CAC9428B-7DF7-42B3-BD48-C6135122878A}.Release|Any CPU.Build.0 = Release|Any CPU
		{3EC494B3-CB74-447C-875B-CADFD14B8745}.Debug|Any CPU.ActiveCfg = Debug|Any CPU
		{3EC494B3-CB74-447C-875B-CADFD14B8745}.Debug|Any CPU.Build.0 = Debug|Any CPU
		{3EC494B3-CB74-447C-875B-CADFD14B8745}.Release|Any CPU.ActiveCfg = Release|Any CPU
		{3EC494B3-CB74-447C-875B-CADFD14B8745}.Release|Any CPU.Build.0 = Release|Any CPU
		{0BEEC936-D891-4E45-9902-7E6F1C83B9CA}.Debug|Any CPU.ActiveCfg = Debug|Any CPU
		{0BEEC936-D891-4E45-9902-7E6F1C83B9CA}.Debug|Any CPU.Build.0 = Debug|Any CPU
		{0BEEC936-D891-4E45-9902-7E6F1C83B9CA}.Release|Any CPU.ActiveCfg = Release|Any CPU
		{0BEEC936-D891-4E45-9902-7E6F1C83B9CA}.Release|Any CPU.Build.0 = Release|Any CPU
		{CC0759BA-E413-469E-BDAF-32DF29DC26D2}.Debug|Any CPU.ActiveCfg = Debug|Any CPU
		{CC0759BA-E413-469E-BDAF-32DF29DC26D2}.Debug|Any CPU.Build.0 = Debug|Any CPU
		{CC0759BA-E413-469E-BDAF-32DF29DC26D2}.Release|Any CPU.ActiveCfg = Release|Any CPU
		{CC0759BA-E413-469E-BDAF-32DF29DC26D2}.Release|Any CPU.Build.0 = Release|Any CPU
		{0F439F06-F156-49C0-B9AA-5CE0FAF043B4}.Debug|Any CPU.ActiveCfg = Debug|Any CPU
		{0F439F06-F156-49C0-B9AA-5CE0FAF043B4}.Debug|Any CPU.Build.0 = Debug|Any CPU
		{0F439F06-F156-49C0-B9AA-5CE0FAF043B4}.Release|Any CPU.ActiveCfg = Release|Any CPU
		{0F439F06-F156-49C0-B9AA-5CE0FAF043B4}.Release|Any CPU.Build.0 = Release|Any CPU
		{4A89F44E-0E32-46A8-9743-E39332855457}.Debug|Any CPU.ActiveCfg = Debug|Any CPU
		{4A89F44E-0E32-46A8-9743-E39332855457}.Debug|Any CPU.Build.0 = Debug|Any CPU
		{4A89F44E-0E32-46A8-9743-E39332855457}.Release|Any CPU.ActiveCfg = Release|Any CPU
		{4A89F44E-0E32-46A8-9743-E39332855457}.Release|Any CPU.Build.0 = Release|Any CPU
		{B7D632C3-3C6A-4748-A198-FE2260F9FC56}.Debug|Any CPU.ActiveCfg = Debug|Any CPU
		{B7D632C3-3C6A-4748-A198-FE2260F9FC56}.Debug|Any CPU.Build.0 = Debug|Any CPU
		{B7D632C3-3C6A-4748-A198-FE2260F9FC56}.Release|Any CPU.ActiveCfg = Release|Any CPU
		{B7D632C3-3C6A-4748-A198-FE2260F9FC56}.Release|Any CPU.Build.0 = Release|Any CPU
		{A7A9AFA4-0F30-46D8-A0FA-987AB785685F}.Debug|Any CPU.ActiveCfg = Debug|Any CPU
		{A7A9AFA4-0F30-46D8-A0FA-987AB785685F}.Debug|Any CPU.Build.0 = Debug|Any CPU
		{A7A9AFA4-0F30-46D8-A0FA-987AB785685F}.Release|Any CPU.ActiveCfg = Release|Any CPU
		{A7A9AFA4-0F30-46D8-A0FA-987AB785685F}.Release|Any CPU.Build.0 = Release|Any CPU
		{7EEB7EB9-A90B-479F-81B8-C0737A8F75DD}.Debug|Any CPU.ActiveCfg = Debug|Any CPU
		{7EEB7EB9-A90B-479F-81B8-C0737A8F75DD}.Debug|Any CPU.Build.0 = Debug|Any CPU
		{7EEB7EB9-A90B-479F-81B8-C0737A8F75DD}.Release|Any CPU.ActiveCfg = Release|Any CPU
		{7EEB7EB9-A90B-479F-81B8-C0737A8F75DD}.Release|Any CPU.Build.0 = Release|Any CPU
		{D61B855E-D644-4731-8D80-E83B10167DDD}.Debug|Any CPU.ActiveCfg = Debug|Any CPU
		{D61B855E-D644-4731-8D80-E83B10167DDD}.Debug|Any CPU.Build.0 = Debug|Any CPU
		{D61B855E-D644-4731-8D80-E83B10167DDD}.Release|Any CPU.ActiveCfg = Release|Any CPU
		{D61B855E-D644-4731-8D80-E83B10167DDD}.Release|Any CPU.Build.0 = Release|Any CPU
		{74E97BD5-77CC-4647-AF13-2EA9D080CC74}.Debug|Any CPU.ActiveCfg = Debug|Any CPU
		{74E97BD5-77CC-4647-AF13-2EA9D080CC74}.Debug|Any CPU.Build.0 = Debug|Any CPU
		{74E97BD5-77CC-4647-AF13-2EA9D080CC74}.Release|Any CPU.ActiveCfg = Release|Any CPU
		{74E97BD5-77CC-4647-AF13-2EA9D080CC74}.Release|Any CPU.Build.0 = Release|Any CPU
		{F9C92543-75FE-4D66-A67C-CCAFC0C00BED}.Debug|Any CPU.ActiveCfg = Debug|Any CPU
		{F9C92543-75FE-4D66-A67C-CCAFC0C00BED}.Debug|Any CPU.Build.0 = Debug|Any CPU
		{F9C92543-75FE-4D66-A67C-CCAFC0C00BED}.Release|Any CPU.ActiveCfg = Release|Any CPU
		{F9C92543-75FE-4D66-A67C-CCAFC0C00BED}.Release|Any CPU.Build.0 = Release|Any CPU
		{CCFEA0B3-219C-4B7E-96EF-4189AB305DDF}.Debug|Any CPU.ActiveCfg = Debug|Any CPU
		{CCFEA0B3-219C-4B7E-96EF-4189AB305DDF}.Debug|Any CPU.Build.0 = Debug|Any CPU
		{CCFEA0B3-219C-4B7E-96EF-4189AB305DDF}.Release|Any CPU.ActiveCfg = Release|Any CPU
		{CCFEA0B3-219C-4B7E-96EF-4189AB305DDF}.Release|Any CPU.Build.0 = Release|Any CPU
		{CA0D7270-ECAD-4666-8C60-CE160898DE2D}.Debug|Any CPU.ActiveCfg = Debug|Any CPU
		{CA0D7270-ECAD-4666-8C60-CE160898DE2D}.Debug|Any CPU.Build.0 = Debug|Any CPU
		{CA0D7270-ECAD-4666-8C60-CE160898DE2D}.Release|Any CPU.ActiveCfg = Release|Any CPU
		{CA0D7270-ECAD-4666-8C60-CE160898DE2D}.Release|Any CPU.Build.0 = Release|Any CPU
		{5C2B6509-95CE-44A0-94A1-B703FAE88209}.Debug|Any CPU.ActiveCfg = Debug|Any CPU
		{5C2B6509-95CE-44A0-94A1-B703FAE88209}.Debug|Any CPU.Build.0 = Debug|Any CPU
		{5C2B6509-95CE-44A0-94A1-B703FAE88209}.Release|Any CPU.ActiveCfg = Release|Any CPU
		{5C2B6509-95CE-44A0-94A1-B703FAE88209}.Release|Any CPU.Build.0 = Release|Any CPU
		{01DF6624-1ABD-4EE9-82E7-AFED19855DF0}.Debug|Any CPU.ActiveCfg = Debug|Any CPU
		{01DF6624-1ABD-4EE9-82E7-AFED19855DF0}.Debug|Any CPU.Build.0 = Debug|Any CPU
		{01DF6624-1ABD-4EE9-82E7-AFED19855DF0}.Release|Any CPU.ActiveCfg = Release|Any CPU
		{01DF6624-1ABD-4EE9-82E7-AFED19855DF0}.Release|Any CPU.Build.0 = Release|Any CPU
	EndGlobalSection
	GlobalSection(SolutionProperties) = preSolution
		HideSolutionNode = FALSE
	EndGlobalSection
	GlobalSection(NestedProjects) = preSolution
		{F9C92543-75FE-4D66-A67C-CCAFC0C00BED} = {DB159161-C04C-42D4-9DC2-EED16A84F848}
		{CCFEA0B3-219C-4B7E-96EF-4189AB305DDF} = {DB159161-C04C-42D4-9DC2-EED16A84F848}
		{CA0D7270-ECAD-4666-8C60-CE160898DE2D} = {DB159161-C04C-42D4-9DC2-EED16A84F848}
		{5C2B6509-95CE-44A0-94A1-B703FAE88209} = {DB159161-C04C-42D4-9DC2-EED16A84F848}
		{01DF6624-1ABD-4EE9-82E7-AFED19855DF0} = {DB159161-C04C-42D4-9DC2-EED16A84F848}
	EndGlobalSection
	GlobalSection(ExtensibilityGlobals) = postSolution
		SolutionGuid = {8597BE9F-1212-46A5-B743-03C210CCFC70}
	EndGlobalSection
EndGlobal
