
Microsoft Visual Studio Solution File, Format Version 12.00
# Visual Studio Version 16
VisualStudioVersion = 16.0.30717.126
MinimumVisualStudioVersion = 10.0.40219.1
Project("{9A19103F-16F7-4668-BE54-9A1E7A4F7556}") = "LifeTheUniverseAndEverything", "LifeTheUniverseAndEverything.csproj", "{986E6BAA-1A8A-4F4D-A6FB-34202D081BD9}"
EndProject
Project("{9A19103F-16F7-4668-BE54-9A1E7A4F7556}") = "Helpers", "..\Helpers\Helpers.csproj", "{CAC9428B-7DF7-42B3-BD48-C6135122878A}"
EndProject
Project("{9A19103F-16F7-4668-BE54-9A1E7A4F7556}") = "SortingBankAccounts", "..\SortingBankAccounts\SortingBankAccounts.csproj", "{3EC494B3-CB74-447C-875B-CADFD14B8745}"
EndProject
Project("{9A19103F-16F7-4668-BE54-9A1E7A4F7556}") = "SabbirAndGame", "..\SabbirAndGame\SabbirAndGame.csproj", "{0BEEC936-D891-4E45-9902-7E6F1C83B9CA}"
EndProject
Project("{9A19103F-16F7-4668-BE54-9A1E7A4F7556}") = "PTest", "..\PTest\PTest.csproj", "{CC0759BA-E413-469E-BDAF-32DF29DC26D2}"
EndProject
Project("{9A19103F-16F7-4668-BE54-9A1E7A4F7556}") = "AddingIntigers", "..\AddingIntigers\AddingIntigers.csproj", "{0F439F06-F156-49C0-B9AA-5CE0FAF043B4}"
EndProject
Project("{9A19103F-16F7-4668-BE54-9A1E7A4F7556}") = "Sum", "..\Sum\Sum.csproj", "{4A89F44E-0E32-46A8-9743-E39332855457}"
EndProject
Project("{9A19103F-16F7-4668-BE54-9A1E7A4F7556}") = "MultipleSum", "..\MultipleSum\MultipleSum.csproj", "{B7D632C3-3C6A-4748-A198-FE2260F9FC56}"
EndProject
Project("{9A19103F-16F7-4668-BE54-9A1E7A4F7556}") = "SimpleAdding", "..\SimpleAdding\SimpleAdding.csproj", "{A7A9AFA4-0F30-46D8-A0FA-987AB785685F}"
EndProject
Project("{9A19103F-16F7-4668-BE54-9A1E7A4F7556}") = "NumbersBetween", "..\NumbersBetween\NumbersBetween.csproj", "{7EEB7EB9-A90B-479F-81B8-C0737A8F75DD}"
EndProject
Project("{9A19103F-16F7-4668-BE54-9A1E7A4F7556}") = "NumbersBetweenAndDivisibility", "..\NumbersBetweenAndDivisibility\NumbersBetweenAndDivisibility.csproj", "{D61B855E-D644-4731-8D80-E83B10167DDD}"
EndProject
Project("{9A19103F-16F7-4668-BE54-9A1E7A4F7556}") = "PatternsOne", "..\PatternsOne\PatternsOne.csproj", "{74E97BD5-77CC-4647-AF13-2EA9D080CC74}"
EndProject
Project("{9A19103F-16F7-4668-BE54-9A1E7A4F7556}") = "FunWithSequencesPartOne", "..\FunWithSequencesPartOne\FunWithSequencesPartOne.csproj", "{F9C92543-75FE-4D66-A67C-CCAFC0C00BED}"
EndProject
Project("{2150E333-8FDC-42A3-9474-1A3956D46DE8}") = "FunWithSequences", "FunWithSequences", "{DB159161-C04C-42D4-9DC2-EED16A84F848}"
EndProject
Project("{9A19103F-16F7-4668-BE54-9A1E7A4F7556}") = "FunWithSequencesPartTwo", "..\FunWithSequencesPartTwo\FunWithSequencesPartTwo.csproj", "{CCFEA0B3-219C-4B7E-96EF-4189AB305DDF}"
EndProject
Project("{9A19103F-16F7-4668-BE54-9A1E7A4F7556}") = "FunWithSequencesPartThree", "..\FunWithSequencesPartThree\FunWithSequencesPartThree.csproj", "{CA0D7270-ECAD-4666-8C60-CE160898DE2D}"
EndProject
Project("{9A19103F-16F7-4668-BE54-9A1E7A4F7556}") = "FunWithSequencesPartFour", "..\FunWithSequencesPartFour\FunWithSequencesPartFour.csproj", "{5C2B6509-95CE-44A0-94A1-B703FAE88209}"
EndProject
Project("{9A19103F-16F7-4668-BE54-9A1E7A4F7556}") = "FunWIthSequencesPartFive", "..\FunWIthSequencesPartFive\FunWIthSequencesPartFive.csproj", "{01DF6624-1ABD-4EE9-82E7-AFED19855DF0}"
EndProject
Project("{9A19103F-16F7-4668-BE54-9A1E7A4F7556}") = "FunWithSequencesPartSix", "..\FunWithSequencesPartSix\FunWithSequencesPartSix.csproj", "{0AB19A3D-26F0-47D0-B2ED-5BA143DF991D}"
EndProject
Project("{9A19103F-16F7-4668-BE54-9A1E7A4F7556}") = "FunWithSequencesPartSeven", "..\FunWithSequencesPartSeven\FunWithSequencesPartSeven.csproj", "{35CE74B6-BAB4-4C75-871D-B399A38D58B5}"
EndProject
Project("{9A19103F-16F7-4668-BE54-9A1E7A4F7556}") = "NabliHacher", "..\NabliHacher\NabliHacher.csproj", "{E10584DA-B441-4DA2-9D59-E3DC4FA9D836}"
EndProject
Project("{2150E333-8FDC-42A3-9474-1A3956D46DE8}") = "ExercisesFromLessons", "ExercisesFromLessons", "{D3AC9554-800F-46F9-91AF-04E0C9C61C3E}"
EndProject
Project("{9A19103F-16F7-4668-BE54-9A1E7A4F7556}") = "QuadraticEquation", "..\QuadraticEquation\QuadraticEquation.csproj", "{8B01E409-EA78-4001-BB7A-D7C1D855A6DA}"
EndProject
Project("{9A19103F-16F7-4668-BE54-9A1E7A4F7556}") = "LedNumbers", "..\LedNumbers\LedNumbers.csproj", "{FB290CC4-A4C1-47BE-9049-FE1321BACB93}"
EndProject
Project("{9A19103F-16F7-4668-BE54-9A1E7A4F7556}") = "DigitalLedNumber", "..\DigitalLedNumber\DigitalLedNumber.csproj", "{22EA1EC0-3B50-4281-9B42-9DF2D82C210A}"
EndProject
Project("{9A19103F-16F7-4668-BE54-9A1E7A4F7556}") = "ConeVolume", "..\ConeVolume\ConeVolume.csproj", "{6EE62DCB-02A5-4183-898E-43A03D055FE2}"
EndProject
Project("{9A19103F-16F7-4668-BE54-9A1E7A4F7556}") = "JaggedArrays", "..\YaggedArrays\JaggedArrays.csproj", "{D2986BE0-94AE-4861-8F7C-EDB71DC75B59}"
EndProject
Project("{9A19103F-16F7-4668-BE54-9A1E7A4F7556}") = "HotelFloors", "..\HotelFloors\HotelFloors.csproj", "{78375155-8867-42DB-A9BC-A6AC7D4C949B}"
EndProject
Project("{2150E333-8FDC-42A3-9474-1A3956D46DE8}") = "TrialTest", "TrialTest", "{F503C906-CA5B-459F-8AC0-69C9D2B3926A}"
EndProject
Project("{9A19103F-16F7-4668-BE54-9A1E7A4F7556}") = "ExerciseOne", "..\ExerciseOne\ExerciseOne.csproj", "{E2D9D766-7E92-41E9-AB91-2719E13CF9A0}"
EndProject
Project("{9A19103F-16F7-4668-BE54-9A1E7A4F7556}") = "ExerciseTwo", "..\ExerciseTwo\ExerciseTwo.csproj", "{D3BA26F2-5A10-48E8-8B45-62E727999B87}"
EndProject
Project("{9A19103F-16F7-4668-BE54-9A1E7A4F7556}") = "ExerciseThree", "..\ExerciseThree\ExerciseThree.csproj", "{615F1468-4C04-4FAE-873D-31FC6B1E4C3C}"
EndProject
Project("{9A19103F-16F7-4668-BE54-9A1E7A4F7556}") = "ExerciseFour", "..\ExerciseFour\ExerciseFour.csproj", "{2E46F9B4-9BE4-4715-A15D-8703DBCD22C9}"
EndProject
Project("{9A19103F-16F7-4668-BE54-9A1E7A4F7556}") = "RkSorting", "..\RkSorting\RkSorting.csproj", "{B7060B70-2104-4863-A518-0EF46F0050EE}"
EndProject
Project("{2150E333-8FDC-42A3-9474-1A3956D46DE8}") = "Test", "Test", "{14DE8615-9D3A-4594-9C2D-A797F73051F0}"
EndProject
Project("{9A19103F-16F7-4668-BE54-9A1E7A4F7556}") = "TestExOne", "..\TestExOne\TestExOne.csproj", "{B67B3611-F14E-4A3B-A63E-EEB550A3E865}"
EndProject
Project("{9A19103F-16F7-4668-BE54-9A1E7A4F7556}") = "TestExTwo", "..\TestExTwo\TestExTwo.csproj", "{68570111-7546-4F10-95D6-703EC0D39961}"
EndProject
Project("{9A19103F-16F7-4668-BE54-9A1E7A4F7556}") = "TestExThree", "..\TestExThree\TestExThree.csproj", "{1A7D142F-BE35-42DC-A662-7D9A1081897A}"
EndProject
Project("{9A19103F-16F7-4668-BE54-9A1E7A4F7556}") = "TestExFour", "..\TestExFour\TestExFour.csproj", "{DC856ACD-07D7-4322-B2CF-F38C3EC56135}"
EndProject
Project("{FAE04EC0-301F-11D3-BF4B-00C04F79EFBC}") = "Inheritance", "..\Inheritance\Inheritance.csproj", "{815554E4-0112-4A53-A688-9CC6DF89256E}"
EndProject
Project("{FAE04EC0-301F-11D3-BF4B-00C04F79EFBC}") = "Time24h", "..\Time24h\Time24h.csproj", "{7459EC38-5BC4-4D43-997B-4970CD62564C}"
EndProject
Project("{FAE04EC0-301F-11D3-BF4B-00C04F79EFBC}") = "AccountPartOne", "..\AccountPartOne\AccountPartOne.csproj", "{10D8A06D-126A-491E-97C6-A8CB2A3D99A6}"
EndProject
Global
	GlobalSection(SolutionConfigurationPlatforms) = preSolution
		Debug|Any CPU = Debug|Any CPU
		Release|Any CPU = Release|Any CPU
	EndGlobalSection
	GlobalSection(ProjectConfigurationPlatforms) = postSolution
		{986E6BAA-1A8A-4F4D-A6FB-34202D081BD9}.Debug|Any CPU.ActiveCfg = Debug|Any CPU
		{986E6BAA-1A8A-4F4D-A6FB-34202D081BD9}.Debug|Any CPU.Build.0 = Debug|Any CPU
		{986E6BAA-1A8A-4F4D-A6FB-34202D081BD9}.Release|Any CPU.ActiveCfg = Release|Any CPU
		{986E6BAA-1A8A-4F4D-A6FB-34202D081BD9}.Release|Any CPU.Build.0 = Release|Any CPU
		{CAC9428B-7DF7-42B3-BD48-C6135122878A}.Debug|Any CPU.ActiveCfg = Debug|Any CPU
		{CAC9428B-7DF7-42B3-BD48-C6135122878A}.Debug|Any CPU.Build.0 = Debug|Any CPU
		{CAC9428B-7DF7-42B3-BD48-C6135122878A}.Release|Any CPU.ActiveCfg = Release|Any CPU
		{CAC9428B-7DF7-42B3-BD48-C6135122878A}.Release|Any CPU.Build.0 = Release|Any CPU
		{3EC494B3-CB74-447C-875B-CADFD14B8745}.Debug|Any CPU.ActiveCfg = Debug|Any CPU
		{3EC494B3-CB74-447C-875B-CADFD14B8745}.Debug|Any CPU.Build.0 = Debug|Any CPU
		{3EC494B3-CB74-447C-875B-CADFD14B8745}.Release|Any CPU.ActiveCfg = Release|Any CPU
		{3EC494B3-CB74-447C-875B-CADFD14B8745}.Release|Any CPU.Build.0 = Release|Any CPU
		{0BEEC936-D891-4E45-9902-7E6F1C83B9CA}.Debug|Any CPU.ActiveCfg = Debug|Any CPU
		{0BEEC936-D891-4E45-9902-7E6F1C83B9CA}.Debug|Any CPU.Build.0 = Debug|Any CPU
		{0BEEC936-D891-4E45-9902-7E6F1C83B9CA}.Release|Any CPU.ActiveCfg = Release|Any CPU
		{0BEEC936-D891-4E45-9902-7E6F1C83B9CA}.Release|Any CPU.Build.0 = Release|Any CPU
		{CC0759BA-E413-469E-BDAF-32DF29DC26D2}.Debug|Any CPU.ActiveCfg = Debug|Any CPU
		{CC0759BA-E413-469E-BDAF-32DF29DC26D2}.Debug|Any CPU.Build.0 = Debug|Any CPU
		{CC0759BA-E413-469E-BDAF-32DF29DC26D2}.Release|Any CPU.ActiveCfg = Release|Any CPU
		{CC0759BA-E413-469E-BDAF-32DF29DC26D2}.Release|Any CPU.Build.0 = Release|Any CPU
		{0F439F06-F156-49C0-B9AA-5CE0FAF043B4}.Debug|Any CPU.ActiveCfg = Debug|Any CPU
		{0F439F06-F156-49C0-B9AA-5CE0FAF043B4}.Debug|Any CPU.Build.0 = Debug|Any CPU
		{0F439F06-F156-49C0-B9AA-5CE0FAF043B4}.Release|Any CPU.ActiveCfg = Release|Any CPU
		{0F439F06-F156-49C0-B9AA-5CE0FAF043B4}.Release|Any CPU.Build.0 = Release|Any CPU
		{4A89F44E-0E32-46A8-9743-E39332855457}.Debug|Any CPU.ActiveCfg = Debug|Any CPU
		{4A89F44E-0E32-46A8-9743-E39332855457}.Debug|Any CPU.Build.0 = Debug|Any CPU
		{4A89F44E-0E32-46A8-9743-E39332855457}.Release|Any CPU.ActiveCfg = Release|Any CPU
		{4A89F44E-0E32-46A8-9743-E39332855457}.Release|Any CPU.Build.0 = Release|Any CPU
		{B7D632C3-3C6A-4748-A198-FE2260F9FC56}.Debug|Any CPU.ActiveCfg = Debug|Any CPU
		{B7D632C3-3C6A-4748-A198-FE2260F9FC56}.Debug|Any CPU.Build.0 = Debug|Any CPU
		{B7D632C3-3C6A-4748-A198-FE2260F9FC56}.Release|Any CPU.ActiveCfg = Release|Any CPU
		{B7D632C3-3C6A-4748-A198-FE2260F9FC56}.Release|Any CPU.Build.0 = Release|Any CPU
		{A7A9AFA4-0F30-46D8-A0FA-987AB785685F}.Debug|Any CPU.ActiveCfg = Debug|Any CPU
		{A7A9AFA4-0F30-46D8-A0FA-987AB785685F}.Debug|Any CPU.Build.0 = Debug|Any CPU
		{A7A9AFA4-0F30-46D8-A0FA-987AB785685F}.Release|Any CPU.ActiveCfg = Release|Any CPU
		{A7A9AFA4-0F30-46D8-A0FA-987AB785685F}.Release|Any CPU.Build.0 = Release|Any CPU
		{7EEB7EB9-A90B-479F-81B8-C0737A8F75DD}.Debug|Any CPU.ActiveCfg = Debug|Any CPU
		{7EEB7EB9-A90B-479F-81B8-C0737A8F75DD}.Debug|Any CPU.Build.0 = Debug|Any CPU
		{7EEB7EB9-A90B-479F-81B8-C0737A8F75DD}.Release|Any CPU.ActiveCfg = Release|Any CPU
		{7EEB7EB9-A90B-479F-81B8-C0737A8F75DD}.Release|Any CPU.Build.0 = Release|Any CPU
		{D61B855E-D644-4731-8D80-E83B10167DDD}.Debug|Any CPU.ActiveCfg = Debug|Any CPU
		{D61B855E-D644-4731-8D80-E83B10167DDD}.Debug|Any CPU.Build.0 = Debug|Any CPU
		{D61B855E-D644-4731-8D80-E83B10167DDD}.Release|Any CPU.ActiveCfg = Release|Any CPU
		{D61B855E-D644-4731-8D80-E83B10167DDD}.Release|Any CPU.Build.0 = Release|Any CPU
		{74E97BD5-77CC-4647-AF13-2EA9D080CC74}.Debug|Any CPU.ActiveCfg = Debug|Any CPU
		{74E97BD5-77CC-4647-AF13-2EA9D080CC74}.Debug|Any CPU.Build.0 = Debug|Any CPU
		{74E97BD5-77CC-4647-AF13-2EA9D080CC74}.Release|Any CPU.ActiveCfg = Release|Any CPU
		{74E97BD5-77CC-4647-AF13-2EA9D080CC74}.Release|Any CPU.Build.0 = Release|Any CPU
		{F9C92543-75FE-4D66-A67C-CCAFC0C00BED}.Debug|Any CPU.ActiveCfg = Debug|Any CPU
		{F9C92543-75FE-4D66-A67C-CCAFC0C00BED}.Debug|Any CPU.Build.0 = Debug|Any CPU
		{F9C92543-75FE-4D66-A67C-CCAFC0C00BED}.Release|Any CPU.ActiveCfg = Release|Any CPU
		{F9C92543-75FE-4D66-A67C-CCAFC0C00BED}.Release|Any CPU.Build.0 = Release|Any CPU
		{CCFEA0B3-219C-4B7E-96EF-4189AB305DDF}.Debug|Any CPU.ActiveCfg = Debug|Any CPU
		{CCFEA0B3-219C-4B7E-96EF-4189AB305DDF}.Debug|Any CPU.Build.0 = Debug|Any CPU
		{CCFEA0B3-219C-4B7E-96EF-4189AB305DDF}.Release|Any CPU.ActiveCfg = Release|Any CPU
		{CCFEA0B3-219C-4B7E-96EF-4189AB305DDF}.Release|Any CPU.Build.0 = Release|Any CPU
		{CA0D7270-ECAD-4666-8C60-CE160898DE2D}.Debug|Any CPU.ActiveCfg = Debug|Any CPU
		{CA0D7270-ECAD-4666-8C60-CE160898DE2D}.Debug|Any CPU.Build.0 = Debug|Any CPU
		{CA0D7270-ECAD-4666-8C60-CE160898DE2D}.Release|Any CPU.ActiveCfg = Release|Any CPU
		{CA0D7270-ECAD-4666-8C60-CE160898DE2D}.Release|Any CPU.Build.0 = Release|Any CPU
		{5C2B6509-95CE-44A0-94A1-B703FAE88209}.Debug|Any CPU.ActiveCfg = Debug|Any CPU
		{5C2B6509-95CE-44A0-94A1-B703FAE88209}.Debug|Any CPU.Build.0 = Debug|Any CPU
		{5C2B6509-95CE-44A0-94A1-B703FAE88209}.Release|Any CPU.ActiveCfg = Release|Any CPU
		{5C2B6509-95CE-44A0-94A1-B703FAE88209}.Release|Any CPU.Build.0 = Release|Any CPU
		{01DF6624-1ABD-4EE9-82E7-AFED19855DF0}.Debug|Any CPU.ActiveCfg = Debug|Any CPU
		{01DF6624-1ABD-4EE9-82E7-AFED19855DF0}.Debug|Any CPU.Build.0 = Debug|Any CPU
		{01DF6624-1ABD-4EE9-82E7-AFED19855DF0}.Release|Any CPU.ActiveCfg = Release|Any CPU
		{01DF6624-1ABD-4EE9-82E7-AFED19855DF0}.Release|Any CPU.Build.0 = Release|Any CPU
		{0AB19A3D-26F0-47D0-B2ED-5BA143DF991D}.Debug|Any CPU.ActiveCfg = Debug|Any CPU
		{0AB19A3D-26F0-47D0-B2ED-5BA143DF991D}.Debug|Any CPU.Build.0 = Debug|Any CPU
		{0AB19A3D-26F0-47D0-B2ED-5BA143DF991D}.Release|Any CPU.ActiveCfg = Release|Any CPU
		{0AB19A3D-26F0-47D0-B2ED-5BA143DF991D}.Release|Any CPU.Build.0 = Release|Any CPU
		{35CE74B6-BAB4-4C75-871D-B399A38D58B5}.Debug|Any CPU.ActiveCfg = Debug|Any CPU
		{35CE74B6-BAB4-4C75-871D-B399A38D58B5}.Debug|Any CPU.Build.0 = Debug|Any CPU
		{35CE74B6-BAB4-4C75-871D-B399A38D58B5}.Release|Any CPU.ActiveCfg = Release|Any CPU
		{35CE74B6-BAB4-4C75-871D-B399A38D58B5}.Release|Any CPU.Build.0 = Release|Any CPU
		{E10584DA-B441-4DA2-9D59-E3DC4FA9D836}.Debug|Any CPU.ActiveCfg = Debug|Any CPU
		{E10584DA-B441-4DA2-9D59-E3DC4FA9D836}.Debug|Any CPU.Build.0 = Debug|Any CPU
		{E10584DA-B441-4DA2-9D59-E3DC4FA9D836}.Release|Any CPU.ActiveCfg = Release|Any CPU
		{E10584DA-B441-4DA2-9D59-E3DC4FA9D836}.Release|Any CPU.Build.0 = Release|Any CPU
		{8B01E409-EA78-4001-BB7A-D7C1D855A6DA}.Debug|Any CPU.ActiveCfg = Debug|Any CPU
		{8B01E409-EA78-4001-BB7A-D7C1D855A6DA}.Debug|Any CPU.Build.0 = Debug|Any CPU
		{8B01E409-EA78-4001-BB7A-D7C1D855A6DA}.Release|Any CPU.ActiveCfg = Release|Any CPU
		{8B01E409-EA78-4001-BB7A-D7C1D855A6DA}.Release|Any CPU.Build.0 = Release|Any CPU
		{FB290CC4-A4C1-47BE-9049-FE1321BACB93}.Debug|Any CPU.ActiveCfg = Debug|Any CPU
		{FB290CC4-A4C1-47BE-9049-FE1321BACB93}.Debug|Any CPU.Build.0 = Debug|Any CPU
		{FB290CC4-A4C1-47BE-9049-FE1321BACB93}.Release|Any CPU.ActiveCfg = Release|Any CPU
		{FB290CC4-A4C1-47BE-9049-FE1321BACB93}.Release|Any CPU.Build.0 = Release|Any CPU
		{22EA1EC0-3B50-4281-9B42-9DF2D82C210A}.Debug|Any CPU.ActiveCfg = Debug|Any CPU
		{22EA1EC0-3B50-4281-9B42-9DF2D82C210A}.Debug|Any CPU.Build.0 = Debug|Any CPU
		{22EA1EC0-3B50-4281-9B42-9DF2D82C210A}.Release|Any CPU.ActiveCfg = Release|Any CPU
		{22EA1EC0-3B50-4281-9B42-9DF2D82C210A}.Release|Any CPU.Build.0 = Release|Any CPU
		{6EE62DCB-02A5-4183-898E-43A03D055FE2}.Debug|Any CPU.ActiveCfg = Debug|Any CPU
		{6EE62DCB-02A5-4183-898E-43A03D055FE2}.Debug|Any CPU.Build.0 = Debug|Any CPU
		{6EE62DCB-02A5-4183-898E-43A03D055FE2}.Release|Any CPU.ActiveCfg = Release|Any CPU
		{6EE62DCB-02A5-4183-898E-43A03D055FE2}.Release|Any CPU.Build.0 = Release|Any CPU
		{D2986BE0-94AE-4861-8F7C-EDB71DC75B59}.Debug|Any CPU.ActiveCfg = Debug|Any CPU
		{D2986BE0-94AE-4861-8F7C-EDB71DC75B59}.Debug|Any CPU.Build.0 = Debug|Any CPU
		{D2986BE0-94AE-4861-8F7C-EDB71DC75B59}.Release|Any CPU.ActiveCfg = Release|Any CPU
		{D2986BE0-94AE-4861-8F7C-EDB71DC75B59}.Release|Any CPU.Build.0 = Release|Any CPU
		{78375155-8867-42DB-A9BC-A6AC7D4C949B}.Debug|Any CPU.ActiveCfg = Debug|Any CPU
		{78375155-8867-42DB-A9BC-A6AC7D4C949B}.Debug|Any CPU.Build.0 = Debug|Any CPU
		{78375155-8867-42DB-A9BC-A6AC7D4C949B}.Release|Any CPU.ActiveCfg = Release|Any CPU
		{78375155-8867-42DB-A9BC-A6AC7D4C949B}.Release|Any CPU.Build.0 = Release|Any CPU
		{E2D9D766-7E92-41E9-AB91-2719E13CF9A0}.Debug|Any CPU.ActiveCfg = Debug|Any CPU
		{E2D9D766-7E92-41E9-AB91-2719E13CF9A0}.Debug|Any CPU.Build.0 = Debug|Any CPU
		{E2D9D766-7E92-41E9-AB91-2719E13CF9A0}.Release|Any CPU.ActiveCfg = Release|Any CPU
		{E2D9D766-7E92-41E9-AB91-2719E13CF9A0}.Release|Any CPU.Build.0 = Release|Any CPU
		{D3BA26F2-5A10-48E8-8B45-62E727999B87}.Debug|Any CPU.ActiveCfg = Debug|Any CPU
		{D3BA26F2-5A10-48E8-8B45-62E727999B87}.Debug|Any CPU.Build.0 = Debug|Any CPU
		{D3BA26F2-5A10-48E8-8B45-62E727999B87}.Release|Any CPU.ActiveCfg = Release|Any CPU
		{D3BA26F2-5A10-48E8-8B45-62E727999B87}.Release|Any CPU.Build.0 = Release|Any CPU
		{615F1468-4C04-4FAE-873D-31FC6B1E4C3C}.Debug|Any CPU.ActiveCfg = Debug|Any CPU
		{615F1468-4C04-4FAE-873D-31FC6B1E4C3C}.Debug|Any CPU.Build.0 = Debug|Any CPU
		{615F1468-4C04-4FAE-873D-31FC6B1E4C3C}.Release|Any CPU.ActiveCfg = Release|Any CPU
		{615F1468-4C04-4FAE-873D-31FC6B1E4C3C}.Release|Any CPU.Build.0 = Release|Any CPU
		{2E46F9B4-9BE4-4715-A15D-8703DBCD22C9}.Debug|Any CPU.ActiveCfg = Debug|Any CPU
		{2E46F9B4-9BE4-4715-A15D-8703DBCD22C9}.Debug|Any CPU.Build.0 = Debug|Any CPU
		{2E46F9B4-9BE4-4715-A15D-8703DBCD22C9}.Release|Any CPU.ActiveCfg = Release|Any CPU
		{2E46F9B4-9BE4-4715-A15D-8703DBCD22C9}.Release|Any CPU.Build.0 = Release|Any CPU
		{B7060B70-2104-4863-A518-0EF46F0050EE}.Debug|Any CPU.ActiveCfg = Debug|Any CPU
		{B7060B70-2104-4863-A518-0EF46F0050EE}.Debug|Any CPU.Build.0 = Debug|Any CPU
		{B7060B70-2104-4863-A518-0EF46F0050EE}.Release|Any CPU.ActiveCfg = Release|Any CPU
		{B7060B70-2104-4863-A518-0EF46F0050EE}.Release|Any CPU.Build.0 = Release|Any CPU
		{B67B3611-F14E-4A3B-A63E-EEB550A3E865}.Debug|Any CPU.ActiveCfg = Debug|Any CPU
		{B67B3611-F14E-4A3B-A63E-EEB550A3E865}.Debug|Any CPU.Build.0 = Debug|Any CPU
		{B67B3611-F14E-4A3B-A63E-EEB550A3E865}.Release|Any CPU.ActiveCfg = Release|Any CPU
		{B67B3611-F14E-4A3B-A63E-EEB550A3E865}.Release|Any CPU.Build.0 = Release|Any CPU
		{68570111-7546-4F10-95D6-703EC0D39961}.Debug|Any CPU.ActiveCfg = Debug|Any CPU
		{68570111-7546-4F10-95D6-703EC0D39961}.Debug|Any CPU.Build.0 = Debug|Any CPU
		{68570111-7546-4F10-95D6-703EC0D39961}.Release|Any CPU.ActiveCfg = Release|Any CPU
		{68570111-7546-4F10-95D6-703EC0D39961}.Release|Any CPU.Build.0 = Release|Any CPU
		{1A7D142F-BE35-42DC-A662-7D9A1081897A}.Debug|Any CPU.ActiveCfg = Debug|Any CPU
		{1A7D142F-BE35-42DC-A662-7D9A1081897A}.Debug|Any CPU.Build.0 = Debug|Any CPU
		{1A7D142F-BE35-42DC-A662-7D9A1081897A}.Release|Any CPU.ActiveCfg = Release|Any CPU
		{1A7D142F-BE35-42DC-A662-7D9A1081897A}.Release|Any CPU.Build.0 = Release|Any CPU
		{DC856ACD-07D7-4322-B2CF-F38C3EC56135}.Debug|Any CPU.ActiveCfg = Debug|Any CPU
		{DC856ACD-07D7-4322-B2CF-F38C3EC56135}.Debug|Any CPU.Build.0 = Debug|Any CPU
		{DC856ACD-07D7-4322-B2CF-F38C3EC56135}.Release|Any CPU.ActiveCfg = Release|Any CPU
		{DC856ACD-07D7-4322-B2CF-F38C3EC56135}.Release|Any CPU.Build.0 = Release|Any CPU
		{815554E4-0112-4A53-A688-9CC6DF89256E}.Debug|Any CPU.ActiveCfg = Debug|Any CPU
		{815554E4-0112-4A53-A688-9CC6DF89256E}.Debug|Any CPU.Build.0 = Debug|Any CPU
		{815554E4-0112-4A53-A688-9CC6DF89256E}.Release|Any CPU.ActiveCfg = Release|Any CPU
		{815554E4-0112-4A53-A688-9CC6DF89256E}.Release|Any CPU.Build.0 = Release|Any CPU
		{7459EC38-5BC4-4D43-997B-4970CD62564C}.Debug|Any CPU.ActiveCfg = Debug|Any CPU
		{7459EC38-5BC4-4D43-997B-4970CD62564C}.Debug|Any CPU.Build.0 = Debug|Any CPU
		{7459EC38-5BC4-4D43-997B-4970CD62564C}.Release|Any CPU.ActiveCfg = Release|Any CPU
		{7459EC38-5BC4-4D43-997B-4970CD62564C}.Release|Any CPU.Build.0 = Release|Any CPU
		{10D8A06D-126A-491E-97C6-A8CB2A3D99A6}.Debug|Any CPU.ActiveCfg = Debug|Any CPU
		{10D8A06D-126A-491E-97C6-A8CB2A3D99A6}.Debug|Any CPU.Build.0 = Debug|Any CPU
		{10D8A06D-126A-491E-97C6-A8CB2A3D99A6}.Release|Any CPU.ActiveCfg = Release|Any CPU
		{10D8A06D-126A-491E-97C6-A8CB2A3D99A6}.Release|Any CPU.Build.0 = Release|Any CPU
	EndGlobalSection
	GlobalSection(SolutionProperties) = preSolution
		HideSolutionNode = FALSE
	EndGlobalSection
	GlobalSection(NestedProjects) = preSolution
		{F9C92543-75FE-4D66-A67C-CCAFC0C00BED} = {DB159161-C04C-42D4-9DC2-EED16A84F848}
		{CCFEA0B3-219C-4B7E-96EF-4189AB305DDF} = {DB159161-C04C-42D4-9DC2-EED16A84F848}
		{CA0D7270-ECAD-4666-8C60-CE160898DE2D} = {DB159161-C04C-42D4-9DC2-EED16A84F848}
		{5C2B6509-95CE-44A0-94A1-B703FAE88209} = {DB159161-C04C-42D4-9DC2-EED16A84F848}
		{01DF6624-1ABD-4EE9-82E7-AFED19855DF0} = {DB159161-C04C-42D4-9DC2-EED16A84F848}
		{0AB19A3D-26F0-47D0-B2ED-5BA143DF991D} = {DB159161-C04C-42D4-9DC2-EED16A84F848}
		{35CE74B6-BAB4-4C75-871D-B399A38D58B5} = {DB159161-C04C-42D4-9DC2-EED16A84F848}
		{8B01E409-EA78-4001-BB7A-D7C1D855A6DA} = {D3AC9554-800F-46F9-91AF-04E0C9C61C3E}
		{FB290CC4-A4C1-47BE-9049-FE1321BACB93} = {D3AC9554-800F-46F9-91AF-04E0C9C61C3E}
		{6EE62DCB-02A5-4183-898E-43A03D055FE2} = {D3AC9554-800F-46F9-91AF-04E0C9C61C3E}
		{D2986BE0-94AE-4861-8F7C-EDB71DC75B59} = {D3AC9554-800F-46F9-91AF-04E0C9C61C3E}
		{F503C906-CA5B-459F-8AC0-69C9D2B3926A} = {D3AC9554-800F-46F9-91AF-04E0C9C61C3E}
		{E2D9D766-7E92-41E9-AB91-2719E13CF9A0} = {F503C906-CA5B-459F-8AC0-69C9D2B3926A}
		{D3BA26F2-5A10-48E8-8B45-62E727999B87} = {F503C906-CA5B-459F-8AC0-69C9D2B3926A}
		{615F1468-4C04-4FAE-873D-31FC6B1E4C3C} = {F503C906-CA5B-459F-8AC0-69C9D2B3926A}
		{14DE8615-9D3A-4594-9C2D-A797F73051F0} = {D3AC9554-800F-46F9-91AF-04E0C9C61C3E}
		{B67B3611-F14E-4A3B-A63E-EEB550A3E865} = {14DE8615-9D3A-4594-9C2D-A797F73051F0}
		{68570111-7546-4F10-95D6-703EC0D39961} = {14DE8615-9D3A-4594-9C2D-A797F73051F0}
		{1A7D142F-BE35-42DC-A662-7D9A1081897A} = {14DE8615-9D3A-4594-9C2D-A797F73051F0}
		{DC856ACD-07D7-4322-B2CF-F38C3EC56135} = {14DE8615-9D3A-4594-9C2D-A797F73051F0}
		{815554E4-0112-4A53-A688-9CC6DF89256E} = {D3AC9554-800F-46F9-91AF-04E0C9C61C3E}
		{10D8A06D-126A-491E-97C6-A8CB2A3D99A6} = {D3AC9554-800F-46F9-91AF-04E0C9C61C3E}
	EndGlobalSection
	GlobalSection(ExtensibilityGlobals) = postSolution
		SolutionGuid = {8597BE9F-1212-46A5-B743-03C210CCFC70}
	EndGlobalSection
EndGlobal
